// !$*UTF8*$!
{
	archiveVersion = 1;
	classes = {
	};
	objectVersion = 46;
	objects = {

/* Begin PBXBuildFile section */
		E71B2BCC18764C15007DEDC4 /* Cocoa.framework in Frameworks */ = {isa = PBXBuildFile; fileRef = E71B2BCB18764C15007DEDC4 /* Cocoa.framework */; };
		E71B2BD618764C15007DEDC4 /* InfoPlist.strings in Resources */ = {isa = PBXBuildFile; fileRef = E71B2BD418764C15007DEDC4 /* InfoPlist.strings */; };
		E71B2BE3187656D6007DEDC4 /* YaydiumPlugin.m in Sources */ = {isa = PBXBuildFile; fileRef = E71B2BE2187656D6007DEDC4 /* YaydiumPlugin.m */; };
		E71B2BE8187662F6007DEDC4 /* PurpleYammerService.m in Sources */ = {isa = PBXBuildFile; fileRef = E71B2BE7187662F6007DEDC4 /* PurpleYammerService.m */; };
		E71B2BEB1876657F007DEDC4 /* PurpleYammerAccount.m in Sources */ = {isa = PBXBuildFile; fileRef = E71B2BEA1876657F007DEDC4 /* PurpleYammerAccount.m */; };
		E71B2C0B1876721F007DEDC4 /* Adium.framework in Frameworks */ = {isa = PBXBuildFile; fileRef = E71B2C061876721F007DEDC4 /* Adium.framework */; };
		E71B2C0C1876721F007DEDC4 /* AdiumLibpurple.framework in Frameworks */ = {isa = PBXBuildFile; fileRef = E71B2C071876721F007DEDC4 /* AdiumLibpurple.framework */; };
		E71B2C0D1876721F007DEDC4 /* AIUtilities.framework in Frameworks */ = {isa = PBXBuildFile; fileRef = E71B2C081876721F007DEDC4 /* AIUtilities.framework */; };
		E71B2C0E1876721F007DEDC4 /* libglib.framework in Frameworks */ = {isa = PBXBuildFile; fileRef = E71B2C091876721F007DEDC4 /* libglib.framework */; };
		E71B2C0F1876721F007DEDC4 /* libpurple.framework in Frameworks */ = {isa = PBXBuildFile; fileRef = E71B2C0A1876721F007DEDC4 /* libpurple.framework */; };
		E71B2C1118768FF7007DEDC4 /* yaydium-small.png in Resources */ = {isa = PBXBuildFile; fileRef = E71B2C1018768FF7007DEDC4 /* yaydium-small.png */; };
		E71B2C1518769EB0007DEDC4 /* yaydium.png in Resources */ = {isa = PBXBuildFile; fileRef = E71B2C1418769EB0007DEDC4 /* yaydium.png */; };
		E775A1611876C0C700DEF675 /* YammerAccountViewController.m in Sources */ = {isa = PBXBuildFile; fileRef = E775A1601876C0C700DEF675 /* YammerAccountViewController.m */; };
		E7AEBBEF1876ADEE0099EDBD /* YammerAccountView.xib in Resources */ = {isa = PBXBuildFile; fileRef = E7AEBBEE1876ADEE0099EDBD /* YammerAccountView.xib */; };
/* End PBXBuildFile section */

/* Begin PBXFileReference section */
		E71B2BC818764C15007DEDC4 /* yaydium.AdiumPlugin */ = {isa = PBXFileReference; explicitFileType = wrapper.cfbundle; includeInIndex = 0; path = yaydium.AdiumPlugin; sourceTree = BUILT_PRODUCTS_DIR; };
		E71B2BCB18764C15007DEDC4 /* Cocoa.framework */ = {isa = PBXFileReference; lastKnownFileType = wrapper.framework; name = Cocoa.framework; path = System/Library/Frameworks/Cocoa.framework; sourceTree = SDKROOT; };
		E71B2BCE18764C15007DEDC4 /* Foundation.framework */ = {isa = PBXFileReference; lastKnownFileType = wrapper.framework; name = Foundation.framework; path = System/Library/Frameworks/Foundation.framework; sourceTree = SDKROOT; };
		E71B2BCF18764C15007DEDC4 /* CoreData.framework */ = {isa = PBXFileReference; lastKnownFileType = wrapper.framework; name = CoreData.framework; path = System/Library/Frameworks/CoreData.framework; sourceTree = SDKROOT; };
		E71B2BD018764C15007DEDC4 /* AppKit.framework */ = {isa = PBXFileReference; lastKnownFileType = wrapper.framework; name = AppKit.framework; path = System/Library/Frameworks/AppKit.framework; sourceTree = SDKROOT; };
		E71B2BD318764C15007DEDC4 /* yaydium-Info.plist */ = {isa = PBXFileReference; lastKnownFileType = text.plist.xml; path = "yaydium-Info.plist"; sourceTree = "<group>"; };
		E71B2BD518764C15007DEDC4 /* en */ = {isa = PBXFileReference; lastKnownFileType = text.plist.strings; name = en; path = en.lproj/InfoPlist.strings; sourceTree = "<group>"; };
		E71B2BD718764C15007DEDC4 /* yaydium-Prefix.pch */ = {isa = PBXFileReference; lastKnownFileType = sourcecode.c.h; path = "yaydium-Prefix.pch"; sourceTree = "<group>"; };
		E71B2BE1187656D6007DEDC4 /* YaydiumPlugin.h */ = {isa = PBXFileReference; fileEncoding = 4; lastKnownFileType = sourcecode.c.h; path = YaydiumPlugin.h; sourceTree = "<group>"; };
		E71B2BE2187656D6007DEDC4 /* YaydiumPlugin.m */ = {isa = PBXFileReference; fileEncoding = 4; lastKnownFileType = sourcecode.c.objc; path = YaydiumPlugin.m; sourceTree = "<group>"; };
		E71B2BE6187662F6007DEDC4 /* PurpleYammerService.h */ = {isa = PBXFileReference; fileEncoding = 4; lastKnownFileType = sourcecode.c.h; path = PurpleYammerService.h; sourceTree = "<group>"; };
		E71B2BE7187662F6007DEDC4 /* PurpleYammerService.m */ = {isa = PBXFileReference; fileEncoding = 4; lastKnownFileType = sourcecode.c.objc; path = PurpleYammerService.m; sourceTree = "<group>"; };
		E71B2BE91876657F007DEDC4 /* PurpleYammerAccount.h */ = {isa = PBXFileReference; fileEncoding = 4; lastKnownFileType = sourcecode.c.h; path = PurpleYammerAccount.h; sourceTree = "<group>"; };
		E71B2BEA1876657F007DEDC4 /* PurpleYammerAccount.m */ = {isa = PBXFileReference; fileEncoding = 4; lastKnownFileType = sourcecode.c.objc; path = PurpleYammerAccount.m; sourceTree = "<group>"; };
		E71B2C061876721F007DEDC4 /* Adium.framework */ = {isa = PBXFileReference; lastKnownFileType = wrapper.framework; name = Adium.framework; path = Frameworks/Adium.framework; sourceTree = "<group>"; };
		E71B2C071876721F007DEDC4 /* AdiumLibpurple.framework */ = {isa = PBXFileReference; lastKnownFileType = wrapper.framework; name = AdiumLibpurple.framework; path = Frameworks/AdiumLibpurple.framework; sourceTree = "<group>"; };
		E71B2C081876721F007DEDC4 /* AIUtilities.framework */ = {isa = PBXFileReference; lastKnownFileType = wrapper.framework; name = AIUtilities.framework; path = Frameworks/AIUtilities.framework; sourceTree = "<group>"; };
		E71B2C091876721F007DEDC4 /* libglib.framework */ = {isa = PBXFileReference; lastKnownFileType = wrapper.framework; name = libglib.framework; path = Frameworks/libglib.framework; sourceTree = "<group>"; };
		E71B2C0A1876721F007DEDC4 /* libpurple.framework */ = {isa = PBXFileReference; lastKnownFileType = wrapper.framework; name = libpurple.framework; path = Frameworks/libpurple.framework; sourceTree = "<group>"; };
		E71B2C1018768FF7007DEDC4 /* yaydium-small.png */ = {isa = PBXFileReference; lastKnownFileType = image.png; name = "yaydium-small.png"; path = "Resources/yaydium-small.png"; sourceTree = SOURCE_ROOT; };
		E71B2C1418769EB0007DEDC4 /* yaydium.png */ = {isa = PBXFileReference; lastKnownFileType = image.png; name = yaydium.png; path = Resources/yaydium.png; sourceTree = "<group>"; };
		E775A15F1876C0C700DEF675 /* YammerAccountViewController.h */ = {isa = PBXFileReference; fileEncoding = 4; lastKnownFileType = sourcecode.c.h; path = YammerAccountViewController.h; sourceTree = "<group>"; };
		E775A1601876C0C700DEF675 /* YammerAccountViewController.m */ = {isa = PBXFileReference; fileEncoding = 4; lastKnownFileType = sourcecode.c.objc; path = YammerAccountViewController.m; sourceTree = "<group>"; };
		E7AEBBEE1876ADEE0099EDBD /* YammerAccountView.xib */ = {isa = PBXFileReference; fileEncoding = 4; lastKnownFileType = file.xib; path = YammerAccountView.xib; sourceTree = "<group>"; };
/* End PBXFileReference section */

/* Begin PBXFrameworksBuildPhase section */
		E71B2BC518764C15007DEDC4 /* Frameworks */ = {
			isa = PBXFrameworksBuildPhase;
			buildActionMask = 2147483647;
			files = (
				E71B2C0C1876721F007DEDC4 /* AdiumLibpurple.framework in Frameworks */,
				E71B2BCC18764C15007DEDC4 /* Cocoa.framework in Frameworks */,
				E71B2C0F1876721F007DEDC4 /* libpurple.framework in Frameworks */,
				E71B2C0B1876721F007DEDC4 /* Adium.framework in Frameworks */,
				E71B2C0D1876721F007DEDC4 /* AIUtilities.framework in Frameworks */,
				E71B2C0E1876721F007DEDC4 /* libglib.framework in Frameworks */,
			);
			runOnlyForDeploymentPostprocessing = 0;
		};
/* End PBXFrameworksBuildPhase section */

/* Begin PBXGroup section */
		E71B2BBF18764C15007DEDC4 = {
			isa = PBXGroup;
			children = (
				E71B2C1318769E92007DEDC4 /* Resources */,
				E71B2BD118764C15007DEDC4 /* yaydium */,
				E71B2BCA18764C15007DEDC4 /* Frameworks */,
				E71B2BC918764C15007DEDC4 /* Products */,
			);
			sourceTree = "<group>";
		};
		E71B2BC918764C15007DEDC4 /* Products */ = {
			isa = PBXGroup;
			children = (
				E71B2BC818764C15007DEDC4 /* yaydium.AdiumPlugin */,
			);
			name = Products;
			sourceTree = "<group>";
		};
		E71B2BCA18764C15007DEDC4 /* Frameworks */ = {
			isa = PBXGroup;
			children = (
				E71B2C051876720B007DEDC4 /* Adium Frameworks */,
				E71B2BCB18764C15007DEDC4 /* Cocoa.framework */,
				E71B2BCD18764C15007DEDC4 /* Other Frameworks */,
			);
			name = Frameworks;
			sourceTree = "<group>";
		};
		E71B2BCD18764C15007DEDC4 /* Other Frameworks */ = {
			isa = PBXGroup;
			children = (
				E71B2BCE18764C15007DEDC4 /* Foundation.framework */,
				E71B2BCF18764C15007DEDC4 /* CoreData.framework */,
				E71B2BD018764C15007DEDC4 /* AppKit.framework */,
			);
			name = "Other Frameworks";
			sourceTree = "<group>";
		};
		E71B2BD118764C15007DEDC4 /* yaydium */ = {
			isa = PBXGroup;
			children = (
				E71B2BD218764C15007DEDC4 /* Supporting Files */,
				E71B2BE1187656D6007DEDC4 /* YaydiumPlugin.h */,
				E71B2BE2187656D6007DEDC4 /* YaydiumPlugin.m */,
				E71B2BE6187662F6007DEDC4 /* PurpleYammerService.h */,
				E71B2BE7187662F6007DEDC4 /* PurpleYammerService.m */,
				E71B2BE91876657F007DEDC4 /* PurpleYammerAccount.h */,
				E71B2BEA1876657F007DEDC4 /* PurpleYammerAccount.m */,
				E775A15F1876C0C700DEF675 /* YammerAccountViewController.h */,
				E775A1601876C0C700DEF675 /* YammerAccountViewController.m */,
				E7AEBBEE1876ADEE0099EDBD /* YammerAccountView.xib */,
			);
			path = yaydium;
			sourceTree = "<group>";
		};
		E71B2BD218764C15007DEDC4 /* Supporting Files */ = {
			isa = PBXGroup;
			children = (
				E71B2BD318764C15007DEDC4 /* yaydium-Info.plist */,
				E71B2BD418764C15007DEDC4 /* InfoPlist.strings */,
				E71B2BD718764C15007DEDC4 /* yaydium-Prefix.pch */,
			);
			name = "Supporting Files";
			sourceTree = "<group>";
		};
		E71B2C051876720B007DEDC4 /* Adium Frameworks */ = {
			isa = PBXGroup;
			children = (
				E71B2C061876721F007DEDC4 /* Adium.framework */,
				E71B2C071876721F007DEDC4 /* AdiumLibpurple.framework */,
				E71B2C081876721F007DEDC4 /* AIUtilities.framework */,
				E71B2C091876721F007DEDC4 /* libglib.framework */,
				E71B2C0A1876721F007DEDC4 /* libpurple.framework */,
			);
			name = "Adium Frameworks";
			sourceTree = "<group>";
		};
		E71B2C1318769E92007DEDC4 /* Resources */ = {
			isa = PBXGroup;
			children = (
				E71B2C1418769EB0007DEDC4 /* yaydium.png */,
				E71B2C1018768FF7007DEDC4 /* yaydium-small.png */,
			);
			name = Resources;
			sourceTree = "<group>";
		};
/* End PBXGroup section */

/* Begin PBXNativeTarget section */
		E71B2BC718764C15007DEDC4 /* yaydium */ = {
			isa = PBXNativeTarget;
			buildConfigurationList = E71B2BDA18764C15007DEDC4 /* Build configuration list for PBXNativeTarget "yaydium" */;
			buildPhases = (
				E71B2BC418764C15007DEDC4 /* Sources */,
				E71B2BC518764C15007DEDC4 /* Frameworks */,
				E71B2BC618764C15007DEDC4 /* Resources */,
			);
			buildRules = (
			);
			dependencies = (
			);
			name = yaydium;
			productName = yaydium;
			productReference = E71B2BC818764C15007DEDC4 /* yaydium.AdiumPlugin */;
			productType = "com.apple.product-type.bundle";
		};
/* End PBXNativeTarget section */

/* Begin PBXProject section */
		E71B2BC018764C15007DEDC4 /* Project object */ = {
			isa = PBXProject;
			attributes = {
				LastUpgradeCheck = 0500;
			};
			buildConfigurationList = E71B2BC318764C15007DEDC4 /* Build configuration list for PBXProject "yaydium" */;
			compatibilityVersion = "Xcode 3.2";
			developmentRegion = English;
			hasScannedForEncodings = 0;
			knownRegions = (
				en,
			);
			mainGroup = E71B2BBF18764C15007DEDC4;
			productRefGroup = E71B2BC918764C15007DEDC4 /* Products */;
			projectDirPath = "";
			projectRoot = "";
			targets = (
				E71B2BC718764C15007DEDC4 /* yaydium */,
			);
		};
/* End PBXProject section */

/* Begin PBXResourcesBuildPhase section */
		E71B2BC618764C15007DEDC4 /* Resources */ = {
			isa = PBXResourcesBuildPhase;
			buildActionMask = 2147483647;
			files = (
				E71B2C1118768FF7007DEDC4 /* yaydium-small.png in Resources */,
				E7AEBBEF1876ADEE0099EDBD /* YammerAccountView.xib in Resources */,
				E71B2C1518769EB0007DEDC4 /* yaydium.png in Resources */,
				E71B2BD618764C15007DEDC4 /* InfoPlist.strings in Resources */,
			);
			runOnlyForDeploymentPostprocessing = 0;
		};
/* End PBXResourcesBuildPhase section */

/* Begin PBXSourcesBuildPhase section */
		E71B2BC418764C15007DEDC4 /* Sources */ = {
			isa = PBXSourcesBuildPhase;
			buildActionMask = 2147483647;
			files = (
				E775A1611876C0C700DEF675 /* YammerAccountViewController.m in Sources */,
				E71B2BE8187662F6007DEDC4 /* PurpleYammerService.m in Sources */,
				E71B2BEB1876657F007DEDC4 /* PurpleYammerAccount.m in Sources */,
				E71B2BE3187656D6007DEDC4 /* YaydiumPlugin.m in Sources */,
			);
			runOnlyForDeploymentPostprocessing = 0;
		};
/* End PBXSourcesBuildPhase section */

/* Begin PBXVariantGroup section */
		E71B2BD418764C15007DEDC4 /* InfoPlist.strings */ = {
			isa = PBXVariantGroup;
			children = (
				E71B2BD518764C15007DEDC4 /* en */,
			);
			name = InfoPlist.strings;
			sourceTree = "<group>";
		};
/* End PBXVariantGroup section */

/* Begin XCBuildConfiguration section */
		E71B2BD818764C15007DEDC4 /* Debug */ = {
			isa = XCBuildConfiguration;
			buildSettings = {
				ALWAYS_SEARCH_USER_PATHS = NO;
				CLANG_CXX_LANGUAGE_STANDARD = "gnu++0x";
				CLANG_CXX_LIBRARY = "libc++";
				CLANG_ENABLE_OBJC_ARC = YES;
				CLANG_WARN_BOOL_CONVERSION = YES;
				CLANG_WARN_CONSTANT_CONVERSION = YES;
				CLANG_WARN_DIRECT_OBJC_ISA_USAGE = YES_ERROR;
				CLANG_WARN_EMPTY_BODY = YES;
				CLANG_WARN_ENUM_CONVERSION = YES;
				CLANG_WARN_INT_CONVERSION = YES;
				CLANG_WARN_OBJC_ROOT_CLASS = YES_ERROR;
				CLANG_WARN__DUPLICATE_METHOD_MATCH = YES;
				COPY_PHASE_STRIP = NO;
				GCC_C_LANGUAGE_STANDARD = gnu99;
				GCC_DYNAMIC_NO_PIC = NO;
				GCC_ENABLE_OBJC_EXCEPTIONS = YES;
				GCC_OPTIMIZATION_LEVEL = 0;
				GCC_PREPROCESSOR_DEFINITIONS = (
					"DEBUG=1",
					"$(inherited)",
				);
				GCC_SYMBOLS_PRIVATE_EXTERN = NO;
				GCC_WARN_64_TO_32_BIT_CONVERSION = YES;
				GCC_WARN_ABOUT_RETURN_TYPE = YES_ERROR;
				GCC_WARN_UNDECLARED_SELECTOR = YES;
				GCC_WARN_UNINITIALIZED_AUTOS = YES;
				GCC_WARN_UNUSED_FUNCTION = YES;
				GCC_WARN_UNUSED_VARIABLE = YES;
				MACOSX_DEPLOYMENT_TARGET = 10.9;
				ONLY_ACTIVE_ARCH = YES;
				SDKROOT = macosx;
			};
			name = Debug;
		};
		E71B2BD918764C15007DEDC4 /* Release */ = {
			isa = XCBuildConfiguration;
			buildSettings = {
				ALWAYS_SEARCH_USER_PATHS = NO;
				CLANG_CXX_LANGUAGE_STANDARD = "gnu++0x";
				CLANG_CXX_LIBRARY = "libc++";
				CLANG_ENABLE_OBJC_ARC = YES;
				CLANG_WARN_BOOL_CONVERSION = YES;
				CLANG_WARN_CONSTANT_CONVERSION = YES;
				CLANG_WARN_DIRECT_OBJC_ISA_USAGE = YES_ERROR;
				CLANG_WARN_EMPTY_BODY = YES;
				CLANG_WARN_ENUM_CONVERSION = YES;
				CLANG_WARN_INT_CONVERSION = YES;
				CLANG_WARN_OBJC_ROOT_CLASS = YES_ERROR;
				CLANG_WARN__DUPLICATE_METHOD_MATCH = YES;
				COPY_PHASE_STRIP = YES;
				DEBUG_INFORMATION_FORMAT = "dwarf-with-dsym";
				ENABLE_NS_ASSERTIONS = NO;
				GCC_C_LANGUAGE_STANDARD = gnu99;
				GCC_ENABLE_OBJC_EXCEPTIONS = YES;
				GCC_WARN_64_TO_32_BIT_CONVERSION = YES;
				GCC_WARN_ABOUT_RETURN_TYPE = YES_ERROR;
				GCC_WARN_UNDECLARED_SELECTOR = YES;
				GCC_WARN_UNINITIALIZED_AUTOS = YES;
				GCC_WARN_UNUSED_FUNCTION = YES;
				GCC_WARN_UNUSED_VARIABLE = YES;
				MACOSX_DEPLOYMENT_TARGET = 10.9;
				SDKROOT = macosx;
			};
			name = Release;
		};
		E71B2BDB18764C15007DEDC4 /* Debug */ = {
			isa = XCBuildConfiguration;
			buildSettings = {
				COMBINE_HIDPI_IMAGES = YES;
				FRAMEWORK_SEARCH_PATHS = (
					"$(inherited)",
					/Users/bremeika/workspace/yaydium,
					/Users/bremeika/workspace/yaydium/Frameworks,
				);
				GCC_PRECOMPILE_PREFIX_HEADER = YES;
				GCC_PREFIX_HEADER = "yaydium/yaydium-Prefix.pch";
				HEADER_SEARCH_PATHS = (
					"$(inherited)",
					/Applications/Xcode.app/Contents/Developer/Toolchains/XcodeDefault.xctoolchain/usr/include,
					"\"$(SRCROOT)/Frameworks/libglib.framework/Headers\"",
				);
				INFOPLIST_FILE = "yaydium/yaydium-Info.plist";
				INSTALL_PATH = "$(HOME)/Library/Application Support/Adium 2.0/PlugIns";
				PRODUCT_NAME = "$(TARGET_NAME)";
				WRAPPER_EXTENSION = AdiumPlugin;
			};
			name = Debug;
		};
		E71B2BDC18764C15007DEDC4 /* Release */ = {
			isa = XCBuildConfiguration;
			buildSettings = {
				COMBINE_HIDPI_IMAGES = YES;
				FRAMEWORK_SEARCH_PATHS = (
					"$(inherited)",
					/Users/bremeika/workspace/yaydium,
					/Users/bremeika/workspace/yaydium/Frameworks,
				);
				GCC_PRECOMPILE_PREFIX_HEADER = YES;
				GCC_PREFIX_HEADER = "yaydium/yaydium-Prefix.pch";
				HEADER_SEARCH_PATHS = (
					"$(inherited)",
					/Applications/Xcode.app/Contents/Developer/Toolchains/XcodeDefault.xctoolchain/usr/include,
					"\"$(SRCROOT)/Frameworks/libglib.framework/Headers\"",
				);
				INFOPLIST_FILE = "yaydium/yaydium-Info.plist";
				INSTALL_PATH = "$(HOME)/Library/Application Support/Adium 2.0/PlugIns";
				PRODUCT_NAME = "$(TARGET_NAME)";
				WRAPPER_EXTENSION = AdiumPlugin;
			};
			name = Release;
		};
/* End XCBuildConfiguration section */

/* Begin XCConfigurationList section */
		E71B2BC318764C15007DEDC4 /* Build configuration list for PBXProject "yaydium" */ = {
			isa = XCConfigurationList;
			buildConfigurations = (
				E71B2BD818764C15007DEDC4 /* Debug */,
				E71B2BD918764C15007DEDC4 /* Release */,
			);
			defaultConfigurationIsVisible = 0;
			defaultConfigurationName = Release;
		};
		E71B2BDA18764C15007DEDC4 /* Build configuration list for PBXNativeTarget "yaydium" */ = {
			isa = XCConfigurationList;
			buildConfigurations = (
				E71B2BDB18764C15007DEDC4 /* Debug */,
				E71B2BDC18764C15007DEDC4 /* Release */,
			);
			defaultConfigurationIsVisible = 0;
			defaultConfigurationName = Release;
		};
/* End XCConfigurationList section */
	};
	rootObject = E71B2BC018764C15007DEDC4 /* Project object */;
}
